lockfileVersion: '9.0'

settings:
  autoInstallPeers: true
  excludeLinksFromLockfile: false

importers:

  .:
    dependencies:
      react-hook-form:
        specifier: ^7.56.3
        version: 7.56.3(react@19.1.0)

packages:

  react-hook-form@7.56.3:
    resolution: {integrity: sha512-IK18V6GVbab4TAo1/cz3kqajxbDPGofdF0w7VHdCo0Nt8PrPlOZcuuDq9YYIV1BtjcX78x0XsldbQRQnQXWXmw==}
    engines: {node: '>=18.0.0'}
    peerDependencies:
      react: ^16.8.0 || ^17 || ^18 || ^19

  react@19.1.0:
    resolution: {integrity: sha512-FS+XFBNvn3GTAWq26joslQgWNoFu08F4kl0J4CgdNKADkdSGXQyTCnKteIAJy96Br6YbpEU1LSzV5dYtjMkMDg==}
    engines: {node: '>=0.10.0'}

snapshots:

  react-hook-form@7.56.3(react@19.1.0):
    dependencies:
      react: 19.1.0

  react@19.1.0: {}
